
Microsoft Visual Studio Solution File, Format Version 12.00
# Visual Studio Version 17
VisualStudioVersion = 17.1.32210.238
MinimumVisualStudioVersion = 10.0.40219.1
Project("{FAE04EC0-301F-11D3-BF4B-00C04F79EFBC}") = "BlazorWebAssemblySignalRApp.Server", "BlazorWebAssemblySignalRApp\Server\BlazorWebAssemblySignalRApp.Server.csproj", "{B3F5EB4F-5AEB-4BEA-98C3-459E7AA856B8}"
EndProject
Project("{FAE04EC0-301F-11D3-BF4B-00C04F79EFBC}") = "BlazorWebAssemblySignalRApp.Client", "BlazorWebAssemblySignalRApp\Client\BlazorWebAssemblySignalRApp.Client.csproj", "{3FEE0647-51EB-42C2-A601-818BE0089B04}"
EndProject
Project("{FAE04EC0-301F-11D3-BF4B-00C04F79EFBC}") = "BlazorWebAssemblySignalRApp.Shared", "BlazorWebAssemblySignalRApp\Shared\BlazorWebAssemblySignalRApp.Shared.csproj", "{10AA18FC-ADCE-4F17-B88F-4DA2724E319F}"
EndProject
Global
	GlobalSection(SolutionConfigurationPlatforms) = preSolution
		Debug|Any CPU = Debug|Any CPU
		Release|Any CPU = Release|Any CPU
	EndGlobalSection
	GlobalSection(ProjectConfigurationPlatforms) = postSolution
		{B3F5EB4F-5AEB-4BEA-98C3-459E7AA856B8}.Debug|Any CPU.ActiveCfg = Debug|Any CPU
		{B3F5EB4F-5AEB-4BEA-98C3-459E7AA856B8}.Debug|Any CPU.Build.0 = Debug|Any CPU
		{B3F5EB4F-5AEB-4BEA-98C3-459E7AA856B8}.Release|Any CPU.ActiveCfg = Release|Any CPU
		{B3F5EB4F-5AEB-4BEA-98C3-459E7AA856B8}.Release|Any CPU.Build.0 = Release|Any CPU
		{3FEE0647-51EB-42C2-A601-818BE0089B04}.Debug|Any CPU.ActiveCfg = Debug|Any CPU
		{3FEE0647-51EB-42C2-A601-818BE0089B04}.Debug|Any CPU.Build.0 = Debug|Any CPU
		{3FEE0647-51EB-42C2-A601-818BE0089B04}.Release|Any CPU.ActiveCfg = Release|Any CPU
		{3FEE0647-51EB-42C2-A601-818BE0089B04}.Release|Any CPU.Build.0 = Release|Any CPU
		{10AA18FC-ADCE-4F17-B88F-4DA2724E319F}.Debug|Any CPU.ActiveCfg = Debug|Any CPU
		{10AA18FC-ADCE-4F17-B88F-4DA2724E319F}.Debug|Any CPU.Build.0 = Debug|Any CPU
		{10AA18FC-ADCE-4F17-B88F-4DA2724E319F}.Release|Any CPU.ActiveCfg = Release|Any CPU
		{10AA18FC-ADCE-4F17-B88F-4DA2724E319F}.Release|Any CPU.Build.0 = Release|Any CPU
	EndGlobalSection
	GlobalSection(SolutionProperties) = preSolution
		HideSolutionNode = FALSE
	EndGlobalSection
	GlobalSection(ExtensibilityGlobals) = postSolution
		SolutionGuid = {3041AC33-09B5-469D-81CF-DDD4D13A19B9}
	EndGlobalSection
EndGlobal
